{
  "version": "4",
  "specifiers": {
    "npm:@seelen-ui/lib@^2.1.8": "2.1.8",
    "npm:deepl-node@^1.16.0": "1.16.0",
    "npm:google-translate-api-x@^10.7.2": "10.7.2"
  },
  "npm": {
    "@seelen-ui/lib@2.1.8": {
      "integrity": "sha512-lKyc2YWPcATjLu98REX1nC1IaqygCx/wcJZWWbHD554W4H28B1GmG7INM5QlAlKAzK42495jlEVJAPcYsH9t5g==",
      "dependencies": [
        "@tauri-apps/api"
      ]
    },
    "@tauri-apps/api@2.2.0": {
      "integrity": "sha512-R8epOeZl1eJEl603aUMIGb4RXlhPjpgxbGVEaqY+0G5JG9vzV/clNlzTeqc+NLYXVqXcn8mb4c5b9pJIUDEyAg=="
    },
    "@types/node@22.13.4": {
      "integrity": "sha512-ywP2X0DYtX3y08eFVx5fNIw7/uIv8hYUKgXoK8oayJlLnKcRfEYCxWMVE1XagUdVtCJlZT1AU4LXEABW+L1Peg==",
      "dependencies": [
        "undici-types"
      ]
    },
    "asynckit@0.4.0": {
      "integrity": "sha512-Oei9OH4tRh0YqU3GxhX79dM/mwVgvbZJaSNaRk+bshkj0S5cfHcgYakreBjrHwatXKbz+IoIdYLxrKim2MjW0Q=="
    },
    "axios@1.7.9": {
      "integrity": "sha512-LhLcE7Hbiryz8oMDdDptSrWowmB4Bl6RCt6sIJKpRB4XtVf0iEgewX3au/pJqm+Py1kCASkb/FFKjxQaLtxJvw==",
      "dependencies": [
        "follow-redirects",
        "form-data@4.0.1",
        "proxy-from-env"
      ]
    },
    "combined-stream@1.0.8": {
      "integrity": "sha512-FQN4MRfuJeHf7cBbBMJFXhKSDq+2kAArBlmRBvcvFE5BB1HZKXtSFASDhdlz9zOYwxh8lDdnvmMOe/+5cdoEdg==",
      "dependencies": [
        "delayed-stream"
      ]
    },
    "deepl-node@1.16.0": {
      "integrity": "sha512-sYrh8UngVHKBrgffLPl+ng065mlC+Ep3LBdSN3xqDBd4KdBZzgvdxHiHd9Pm9xQCI5pwyuCHyq0cDUW1T3vQUg==",
      "dependencies": [
        "@types/node",
        "axios",
        "form-data@3.0.2",
        "loglevel"
      ]
    },
    "delayed-stream@1.0.0": {
      "integrity": "sha512-ZySD7Nf91aLB0RxL4KGrKHBXl7Eds1DAmEdcoVawXnLD7SDhpNgtuII2aAkg7a7QS41jxPSZ17p4VdGnMHk3MQ=="
    },
    "follow-redirects@1.15.9": {
      "integrity": "sha512-gew4GsXizNgdoRyqmyfMHyAmXsZDk6mHkSxZFCzW9gwlbtOW44CDtYavM+y+72qD/Vq2l550kMF52DT8fOLJqQ=="
    },
    "form-data@3.0.2": {
      "integrity": "sha512-sJe+TQb2vIaIyO783qN6BlMYWMw3WBOHA1Ay2qxsnjuafEOQFJ2JakedOQirT6D5XPRxDvS7AHYyem9fTpb4LQ==",
      "dependencies": [
        "asynckit",
        "combined-stream",
        "mime-types"
      ]
    },
    "form-data@4.0.1": {
      "integrity": "sha512-tzN8e4TX8+kkxGPK8D5u0FNmjPUjw3lwC9lSLxxoB/+GtsJG91CO8bSWy73APlgAZzZbXEYZJuxjkHH2w+Ezhw==",
      "dependencies": [
        "asynckit",
        "combined-stream",
        "mime-types"
      ]
    },
    "google-translate-api-x@10.7.2": {
      "integrity": "sha512-GSmbvGMcnULaih2NFgD4Y6840DLAMot90mLWgwoB+FG/QpetyZkFrZkxop8ZxXgOAQXGskFOhGJady8nA6ZJ2g=="
    },
    "loglevel@1.9.2": {
      "integrity": "sha512-HgMmCqIJSAKqo68l0rS2AanEWfkxaZ5wNiEFb5ggm08lDs9Xl2KxBlX3PTcaD2chBM1gXAYf491/M2Rv8Jwayg=="
    },
    "mime-db@1.52.0": {
      "integrity": "sha512-sPU4uV7dYlvtWJxwwxHD0PuihVNiE7TyAbQ5SWxDCB9mUYvOgroQOwYQQOKPJ8CIbE+1ETVlOoK1UC2nU3gYvg=="
    },
    "mime-types@2.1.35": {
      "integrity": "sha512-ZDY+bPm5zTTF+YpCrAU9nK0UgICYPT0QtT1NZWFv4s++TNkcgVaT0g6+4R2uI4MjQjzysHB1zxuWL50hzaeXiw==",
      "dependencies": [
        "mime-db"
      ]
    },
    "proxy-from-env@1.1.0": {
      "integrity": "sha512-D+zkORCbA9f1tdWRK0RaCR3GPv50cMxcrz4X8k5LTSUD1Dkw47mKJEZQNunItRTkWwgtaUSo1RVFRIG9ZXiFYg=="
    },
    "undici-types@6.20.0": {
      "integrity": "sha512-Ny6QZ2Nju20vw1SRHe3d9jVu6gJ+4e3+MMpqu7pqE5HT6WsTSlce++GQmK5UXS8mzV8DSYHrQH+Xrf2jVcuKNg=="
    }
  },
  "workspace": {
    "dependencies": [
      "npm:@seelen-ui/lib@^2.1.8",
      "npm:deepl-node@^1.16.0",
      "npm:google-translate-api-x@^10.7.2"
    ]
  }
}
